
Microsoft Visual Studio Solution File, Format Version 12.00
# Visual Studio Version 16
VisualStudioVersion = 16.0.31624.102
MinimumVisualStudioVersion = 10.0.40219.1
Project("{FAE04EC0-301F-11D3-BF4B-00C04F79EFBC}") = "lab 6.3 (1)", "lab 6.3 (1)\lab 6.3 (1).csproj", "{37751340-2327-467E-8786-1383DBF8F0D2}"
EndProject
Global
	GlobalSection(SolutionConfigurationPlatforms) = preSolution
		Debug|Any CPU = Debug|Any CPU
		Release|Any CPU = Release|Any CPU
	EndGlobalSection
	GlobalSection(ProjectConfigurationPlatforms) = postSolution
		{37751340-2327-467E-8786-1383DBF8F0D2}.Debug|Any CPU.ActiveCfg = Debug|Any CPU
		{37751340-2327-467E-8786-1383DBF8F0D2}.Debug|Any CPU.Build.0 = Debug|Any CPU
		{37751340-2327-467E-8786-1383DBF8F0D2}.Release|Any CPU.ActiveCfg = Release|Any CPU
		{37751340-2327-467E-8786-1383DBF8F0D2}.Release|Any CPU.Build.0 = Release|Any CPU
	EndGlobalSection
	GlobalSection(SolutionProperties) = preSolution
		HideSolutionNode = FALSE
	EndGlobalSection
	GlobalSection(ExtensibilityGlobals) = postSolution
		SolutionGuid = {40D278B9-E9DB-4A8B-83B3-E2406545FC37}
	EndGlobalSection
EndGlobal
